
Microsoft Visual Studio Solution File, Format Version 12.00
# Visual Studio Version 17
VisualStudioVersion = 17.2.32602.215
MinimumVisualStudioVersion = 10.0.40219.1
Project("{9A19103F-16F7-4668-BE54-9A1E7A4F7556}") = "FastRegistrator.API", "FastRegistrator.API\FastRegistrator.API.csproj", "{F0182D5D-3E78-4209-A35C-0EC175BC8FC5}"
EndProject
Project("{FAE04EC0-301F-11D3-BF4B-00C04F79EFBC}") = "FastRegistrator.Infrastructure", "FastRegistrator.Infrastructure\FastRegistrator.Infrastructure.csproj", "{51739978-5E12-49DA-B901-791500E56B02}"
EndProject
Project("{FAE04EC0-301F-11D3-BF4B-00C04F79EFBC}") = "FastRegistrator.ApplicationCore", "FastRegistrator.Application\FastRegistrator.ApplicationCore.csproj", "{B66B052B-EF46-4F99-852E-43058F55F77E}"
EndProject
Global
	GlobalSection(SolutionConfigurationPlatforms) = preSolution
		Debug|Any CPU = Debug|Any CPU
		Release|Any CPU = Release|Any CPU
	EndGlobalSection
	GlobalSection(ProjectConfigurationPlatforms) = postSolution
		{F0182D5D-3E78-4209-A35C-0EC175BC8FC5}.Debug|Any CPU.ActiveCfg = Debug|Any CPU
		{F0182D5D-3E78-4209-A35C-0EC175BC8FC5}.Debug|Any CPU.Build.0 = Debug|Any CPU
		{F0182D5D-3E78-4209-A35C-0EC175BC8FC5}.Release|Any CPU.ActiveCfg = Release|Any CPU
		{F0182D5D-3E78-4209-A35C-0EC175BC8FC5}.Release|Any CPU.Build.0 = Release|Any CPU
		{51739978-5E12-49DA-B901-791500E56B02}.Debug|Any CPU.ActiveCfg = Debug|Any CPU
		{51739978-5E12-49DA-B901-791500E56B02}.Debug|Any CPU.Build.0 = Debug|Any CPU
		{51739978-5E12-49DA-B901-791500E56B02}.Release|Any CPU.ActiveCfg = Release|Any CPU
		{51739978-5E12-49DA-B901-791500E56B02}.Release|Any CPU.Build.0 = Release|Any CPU
		{B66B052B-EF46-4F99-852E-43058F55F77E}.Debug|Any CPU.ActiveCfg = Debug|Any CPU
		{B66B052B-EF46-4F99-852E-43058F55F77E}.Debug|Any CPU.Build.0 = Debug|Any CPU
		{B66B052B-EF46-4F99-852E-43058F55F77E}.Release|Any CPU.ActiveCfg = Release|Any CPU
		{B66B052B-EF46-4F99-852E-43058F55F77E}.Release|Any CPU.Build.0 = Release|Any CPU
	EndGlobalSection
	GlobalSection(SolutionProperties) = preSolution
		HideSolutionNode = FALSE
	EndGlobalSection
	GlobalSection(ExtensibilityGlobals) = postSolution
		SolutionGuid = {4FAF3991-073C-4410-96F3-EF4595DBE15C}
	EndGlobalSection
EndGlobal
